{
  "name": "hogan-super-partials",
  "version": "1.0.0",
  "lockfileVersion": 1,
  "requires": true,
  "dependencies": {
    "serve-me": {
      "version": "0.8.3",
      "resolved": "https://registry.npmjs.org/serve-me/-/serve-me-0.8.3.tgz",
      "integrity": "sha1-7albuOPSkKbV3TYxKbpDk3HpP0g="
    }
  }
}
